{
  "pins" : [
    {
      "identity" : "async-http-client",
      "kind" : "remoteSourceControl",
      "location" : "https://github.com/swift-server/async-http-client.git",
      "state" : {
        "revision" : "70826d038d5bdc3142a386b735792d87ef7a5dfc",
        "version" : "1.8.1"
      }
    },
    {
      "identity" : "httpservice",
      "kind" : "remoteSourceControl",
      "location" : "https://github.com/fcobia/HTTPService",
      "state" : {
        "branch" : "feature/NIO",
        "revision" : "4adae68e4f59c88d495e19a603fe016173cc840c"
      }
    },
    {
      "identity" : "swift-collections",
      "kind" : "remoteSourceControl",
      "location" : "https://github.com/apple/swift-collections.git",
      "state" : {
        "revision" : "48254824bb4248676bf7ce56014ff57b142b77eb",
        "version" : "1.0.2"
      }
    },
    {
      "identity" : "swift-log",
      "kind" : "remoteSourceControl",
      "location" : "https://github.com/apple/swift-log.git",
      "state" : {
        "revision" : "5d66f7ba25daf4f94100e7022febf3c75e37a6c7",
        "version" : "1.4.2"
      }
    },
    {
      "identity" : "swift-nio",
      "kind" : "remoteSourceControl",
      "location" : "https://github.com/apple/swift-nio.git",
      "state" : {
        "revision" : "213eb6887e526e0dfac526a2eae559a1893ebbac",
        "version" : "2.36.0"
      }
    },
    {
      "identity" : "swift-nio-extras",
      "kind" : "remoteSourceControl",
      "location" : "https://github.com/apple/swift-nio-extras.git",
      "state" : {
        "revision" : "f73ca5ee9c6806800243f1ac415fcf82de9a4c91",
        "version" : "1.10.2"
      }
    },
    {
      "identity" : "swift-nio-http2",
      "kind" : "remoteSourceControl",
      "location" : "https://github.com/apple/swift-nio-http2.git",
      "state" : {
        "revision" : "6e94a7be32891d1b303a3fcfde8b5bf64d162e74",
        "version" : "1.19.1"
      }
    },
    {
      "identity" : "swift-nio-ssl",
      "kind" : "remoteSourceControl",
      "location" : "https://github.com/apple/swift-nio-ssl.git",
      "state" : {
        "revision" : "2b329e37e9dd34fb382655181a680261d58cbbf1",
        "version" : "2.17.1"
      }
    },
    {
      "identity" : "swift-nio-transport-services",
      "kind" : "remoteSourceControl",
      "location" : "https://github.com/apple/swift-nio-transport-services.git",
      "state" : {
        "revision" : "e7f5278a26442dc46783ba7e063643d524e414a0",
        "version" : "1.11.3"
      }
    }
  ],
  "version" : 2
}
