// !$*UTF8*$!
{
	archiveVersion = 1;
	classes = {
	};
	objectVersion = 55;
	objects = {

/* Begin PBXBuildFile section */
		01A81A12274F5DD100D47916 /* EnvironmentManager.swift in Sources */ = {isa = PBXBuildFile; fileRef = 01A81A11274F5DD100D47916 /* EnvironmentManager.swift */; };
		01A81A14274F5E5600D47916 /* AppEnvironmentManager.swift in Sources */ = {isa = PBXBuildFile; fileRef = 01A81A13274F5E5600D47916 /* AppEnvironmentManager.swift */; };
		01A81A19274F5FB600D47916 /* Environment+EnvironmentManager.swift in Sources */ = {isa = PBXBuildFile; fileRef = 01A81A18274F5FB600D47916 /* Environment+EnvironmentManager.swift */; };
		01A81A1B274F60AF00D47916 /* LaunchScreenView.swift in Sources */ = {isa = PBXBuildFile; fileRef = 01A81A1A274F60AF00D47916 /* LaunchScreenView.swift */; };
		01A81A1D274F618000D47916 /* AppDelegate.swift in Sources */ = {isa = PBXBuildFile; fileRef = 01A81A1C274F618000D47916 /* AppDelegate.swift */; };
		01A81A1F274F622100D47916 /* MainView.swift in Sources */ = {isa = PBXBuildFile; fileRef = 01A81A1E274F622100D47916 /* MainView.swift */; };
		01A81A21274F62B500D47916 /* LoginScreenView.swift in Sources */ = {isa = PBXBuildFile; fileRef = 01A81A20274F62B500D47916 /* LoginScreenView.swift */; };
		01A81A23274F63A800D47916 /* Environment+User.swift in Sources */ = {isa = PBXBuildFile; fileRef = 01A81A22274F63A800D47916 /* Environment+User.swift */; };
		01A81A30274F658400D47916 /* Palettes.swift in Sources */ = {isa = PBXBuildFile; fileRef = 01A81A26274F658400D47916 /* Palettes.swift */; };
		01A81A31274F658400D47916 /* AppTextFieldModifier.swift in Sources */ = {isa = PBXBuildFile; fileRef = 01A81A29274F658400D47916 /* AppTextFieldModifier.swift */; };
		01A81A32274F658400D47916 /* AppSecureFieldModifier.swift in Sources */ = {isa = PBXBuildFile; fileRef = 01A81A2A274F658400D47916 /* AppSecureFieldModifier.swift */; };
		01A81A33274F658400D47916 /* SecondaryButtonModifier.swift in Sources */ = {isa = PBXBuildFile; fileRef = 01A81A2C274F658400D47916 /* SecondaryButtonModifier.swift */; };
		01A81A34274F658400D47916 /* PrimaryButtonModifier.swift in Sources */ = {isa = PBXBuildFile; fileRef = 01A81A2D274F658400D47916 /* PrimaryButtonModifier.swift */; };
		01A81A35274F658400D47916 /* AppTextModifier.swift in Sources */ = {isa = PBXBuildFile; fileRef = 01A81A2F274F658400D47916 /* AppTextModifier.swift */; };
		01A81A37274F666E00D47916 /* Environment+Palettes.swift in Sources */ = {isa = PBXBuildFile; fileRef = 01A81A36274F666E00D47916 /* Environment+Palettes.swift */; };
		01A81A3A274F66BC00D47916 /* Color+Palette.swift in Sources */ = {isa = PBXBuildFile; fileRef = 01A81A39274F66BC00D47916 /* Color+Palette.swift */; };
		01A81A3C274F66EE00D47916 /* Color Palettes.xcassets in Resources */ = {isa = PBXBuildFile; fileRef = 01A81A3B274F66EE00D47916 /* Color Palettes.xcassets */; };
		01A81A3F274F67C500D47916 /* ColorPalettes.swift in Sources */ = {isa = PBXBuildFile; fileRef = 01A81A3E274F67C500D47916 /* ColorPalettes.swift */; };
		01A81A4127504A8100D47916 /* AlertManager.swift in Sources */ = {isa = PBXBuildFile; fileRef = 01A81A4027504A8100D47916 /* AlertManager.swift */; };
		01A81A4527504B4E00D47916 /* DisplayableErrorInfo.swift in Sources */ = {isa = PBXBuildFile; fileRef = 01A81A4427504B4E00D47916 /* DisplayableErrorInfo.swift */; };
		01A81A4727504C9A00D47916 /* DisplayableErrorInfoButton.swift in Sources */ = {isa = PBXBuildFile; fileRef = 01A81A4627504C9A00D47916 /* DisplayableErrorInfoButton.swift */; };
		01A81A4B27505D2100D47916 /* ErrorAlertView.swift in Sources */ = {isa = PBXBuildFile; fileRef = 01A81A4A27505D2100D47916 /* ErrorAlertView.swift */; };
		01A81A4E2751D09C00D47916 /* SearchScreenView.swift in Sources */ = {isa = PBXBuildFile; fileRef = 01A81A4D2751D09C00D47916 /* SearchScreenView.swift */; };
		01CCDB16274F3BF4008337BB /* Faves_with_FriendsApp.swift in Sources */ = {isa = PBXBuildFile; fileRef = 01CCDB15274F3BF4008337BB /* Faves_with_FriendsApp.swift */; };
		01CCDB18274F3BF4008337BB /* ContentView.swift in Sources */ = {isa = PBXBuildFile; fileRef = 01CCDB17274F3BF4008337BB /* ContentView.swift */; };
		01CCDB1A274F3BF5008337BB /* Assets.xcassets in Resources */ = {isa = PBXBuildFile; fileRef = 01CCDB19274F3BF5008337BB /* Assets.xcassets */; };
		01CCDB1D274F3BF5008337BB /* Preview Assets.xcassets in Resources */ = {isa = PBXBuildFile; fileRef = 01CCDB1C274F3BF5008337BB /* Preview Assets.xcassets */; };
		01CCDB27274F3BF6008337BB /* Faves_with_FriendsTests.swift in Sources */ = {isa = PBXBuildFile; fileRef = 01CCDB26274F3BF6008337BB /* Faves_with_FriendsTests.swift */; };
		01CCDB31274F3BF6008337BB /* Faves_with_FriendsUITests.swift in Sources */ = {isa = PBXBuildFile; fileRef = 01CCDB30274F3BF6008337BB /* Faves_with_FriendsUITests.swift */; };
		01CCDB33274F3BF6008337BB /* Faves_with_FriendsUITestsLaunchTests.swift in Sources */ = {isa = PBXBuildFile; fileRef = 01CCDB32274F3BF6008337BB /* Faves_with_FriendsUITestsLaunchTests.swift */; };
		01CCDB41274F3CF8008337BB /* HTTPServiceFoundation in Frameworks */ = {isa = PBXBuildFile; productRef = 01CCDB40274F3CF8008337BB /* HTTPServiceFoundation */; };
		01CCDB49274F3E33008337BB /* UserManager.swift in Sources */ = {isa = PBXBuildFile; fileRef = 01CCDB48274F3E33008337BB /* UserManager.swift */; };
		01CCDB4C274F3E65008337BB /* User.swift in Sources */ = {isa = PBXBuildFile; fileRef = 01CCDB4B274F3E65008337BB /* User.swift */; };
		01CCDB4F274F3F01008337BB /* MovieHTTPServiceNetworkConnector.swift in Sources */ = {isa = PBXBuildFile; fileRef = 01CCDB4E274F3F01008337BB /* MovieHTTPServiceNetworkConnector.swift */; };
		01CCDB51274F42C3008337BB /* NetworkConstants.swift in Sources */ = {isa = PBXBuildFile; fileRef = 01CCDB50274F42C3008337BB /* NetworkConstants.swift */; };
		01CCDB55274F4449008337BB /* TemporaryUserManager.swift in Sources */ = {isa = PBXBuildFile; fileRef = 01CCDB54274F4449008337BB /* TemporaryUserManager.swift */; };
		01CCDB58274F4AA8008337BB /* MovieHTTPService.swift in Sources */ = {isa = PBXBuildFile; fileRef = 01CCDB57274F4AA8008337BB /* MovieHTTPService.swift */; };
		01CCDB5B274F4AFA008337BB /* AppNetworkService.swift in Sources */ = {isa = PBXBuildFile; fileRef = 01CCDB5A274F4AFA008337BB /* AppNetworkService.swift */; };
		01CCDB5E274F4DC0008337BB /* MovieErrorCodes.swift in Sources */ = {isa = PBXBuildFile; fileRef = 01CCDB5D274F4DC0008337BB /* MovieErrorCodes.swift */; };
		01CCDB60274F4EF2008337BB /* MovieNetworkErrorInfo.swift in Sources */ = {isa = PBXBuildFile; fileRef = 01CCDB5F274F4EF2008337BB /* MovieNetworkErrorInfo.swift */; };
		01CCDB62274F4F46008337BB /* MovieNetworkErrorResponse.swift in Sources */ = {isa = PBXBuildFile; fileRef = 01CCDB61274F4F46008337BB /* MovieNetworkErrorResponse.swift */; };
		01CCDB66274F513E008337BB /* MovieHTTPServiceErrorMapper.swift in Sources */ = {isa = PBXBuildFile; fileRef = 01CCDB65274F513E008337BB /* MovieHTTPServiceErrorMapper.swift */; };
		01CCDB6A274F53E3008337BB /* MovieNetworkManager.swift in Sources */ = {isa = PBXBuildFile; fileRef = 01CCDB69274F53E3008337BB /* MovieNetworkManager.swift */; };
		01CCDB6D274F583C008337BB /* Movie.swift in Sources */ = {isa = PBXBuildFile; fileRef = 01CCDB6C274F583C008337BB /* Movie.swift */; };
		ED03E0AA2751482D004DDEDA /* MovieSearchResult.swift in Sources */ = {isa = PBXBuildFile; fileRef = ED03E0A92751482D004DDEDA /* MovieSearchResult.swift */; };
/* End PBXBuildFile section */

/* Begin PBXContainerItemProxy section */
		01CCDB23274F3BF5008337BB /* PBXContainerItemProxy */ = {
			isa = PBXContainerItemProxy;
			containerPortal = 01CCDB0A274F3BF4008337BB /* Project object */;
			proxyType = 1;
			remoteGlobalIDString = 01CCDB11274F3BF4008337BB;
			remoteInfo = "Faves with Friends";
		};
		01CCDB2D274F3BF6008337BB /* PBXContainerItemProxy */ = {
			isa = PBXContainerItemProxy;
			containerPortal = 01CCDB0A274F3BF4008337BB /* Project object */;
			proxyType = 1;
			remoteGlobalIDString = 01CCDB11274F3BF4008337BB;
			remoteInfo = "Faves with Friends";
		};
/* End PBXContainerItemProxy section */

/* Begin PBXFileReference section */
		01A81A11274F5DD100D47916 /* EnvironmentManager.swift */ = {isa = PBXFileReference; lastKnownFileType = sourcecode.swift; path = EnvironmentManager.swift; sourceTree = "<group>"; };
		01A81A13274F5E5600D47916 /* AppEnvironmentManager.swift */ = {isa = PBXFileReference; lastKnownFileType = sourcecode.swift; path = AppEnvironmentManager.swift; sourceTree = "<group>"; };
		01A81A18274F5FB600D47916 /* Environment+EnvironmentManager.swift */ = {isa = PBXFileReference; lastKnownFileType = sourcecode.swift; path = "Environment+EnvironmentManager.swift"; sourceTree = "<group>"; };
		01A81A1A274F60AF00D47916 /* LaunchScreenView.swift */ = {isa = PBXFileReference; lastKnownFileType = sourcecode.swift; path = LaunchScreenView.swift; sourceTree = "<group>"; };
		01A81A1C274F618000D47916 /* AppDelegate.swift */ = {isa = PBXFileReference; lastKnownFileType = sourcecode.swift; path = AppDelegate.swift; sourceTree = "<group>"; };
		01A81A1E274F622100D47916 /* MainView.swift */ = {isa = PBXFileReference; lastKnownFileType = sourcecode.swift; path = MainView.swift; sourceTree = "<group>"; };
		01A81A20274F62B500D47916 /* LoginScreenView.swift */ = {isa = PBXFileReference; lastKnownFileType = sourcecode.swift; path = LoginScreenView.swift; sourceTree = "<group>"; };
		01A81A22274F63A800D47916 /* Environment+User.swift */ = {isa = PBXFileReference; lastKnownFileType = sourcecode.swift; path = "Environment+User.swift"; sourceTree = "<group>"; };
		01A81A26274F658400D47916 /* Palettes.swift */ = {isa = PBXFileReference; fileEncoding = 4; lastKnownFileType = sourcecode.swift; path = Palettes.swift; sourceTree = "<group>"; };
		01A81A29274F658400D47916 /* AppTextFieldModifier.swift */ = {isa = PBXFileReference; fileEncoding = 4; lastKnownFileType = sourcecode.swift; path = AppTextFieldModifier.swift; sourceTree = "<group>"; };
		01A81A2A274F658400D47916 /* AppSecureFieldModifier.swift */ = {isa = PBXFileReference; fileEncoding = 4; lastKnownFileType = sourcecode.swift; path = AppSecureFieldModifier.swift; sourceTree = "<group>"; };
		01A81A2C274F658400D47916 /* SecondaryButtonModifier.swift */ = {isa = PBXFileReference; fileEncoding = 4; lastKnownFileType = sourcecode.swift; path = SecondaryButtonModifier.swift; sourceTree = "<group>"; };
		01A81A2D274F658400D47916 /* PrimaryButtonModifier.swift */ = {isa = PBXFileReference; fileEncoding = 4; lastKnownFileType = sourcecode.swift; path = PrimaryButtonModifier.swift; sourceTree = "<group>"; };
		01A81A2F274F658400D47916 /* AppTextModifier.swift */ = {isa = PBXFileReference; fileEncoding = 4; lastKnownFileType = sourcecode.swift; path = AppTextModifier.swift; sourceTree = "<group>"; };
		01A81A36274F666E00D47916 /* Environment+Palettes.swift */ = {isa = PBXFileReference; fileEncoding = 4; lastKnownFileType = sourcecode.swift; path = "Environment+Palettes.swift"; sourceTree = "<group>"; };
		01A81A39274F66BC00D47916 /* Color+Palette.swift */ = {isa = PBXFileReference; fileEncoding = 4; lastKnownFileType = sourcecode.swift; path = "Color+Palette.swift"; sourceTree = "<group>"; };
		01A81A3B274F66EE00D47916 /* Color Palettes.xcassets */ = {isa = PBXFileReference; lastKnownFileType = folder.assetcatalog; path = "Color Palettes.xcassets"; sourceTree = "<group>"; };
		01A81A3E274F67C500D47916 /* ColorPalettes.swift */ = {isa = PBXFileReference; lastKnownFileType = sourcecode.swift; path = ColorPalettes.swift; sourceTree = "<group>"; };
		01A81A4027504A8100D47916 /* AlertManager.swift */ = {isa = PBXFileReference; lastKnownFileType = sourcecode.swift; path = AlertManager.swift; sourceTree = "<group>"; };
		01A81A4427504B4E00D47916 /* DisplayableErrorInfo.swift */ = {isa = PBXFileReference; lastKnownFileType = sourcecode.swift; path = DisplayableErrorInfo.swift; sourceTree = "<group>"; };
		01A81A4627504C9A00D47916 /* DisplayableErrorInfoButton.swift */ = {isa = PBXFileReference; lastKnownFileType = sourcecode.swift; path = DisplayableErrorInfoButton.swift; sourceTree = "<group>"; };
		01A81A4A27505D2100D47916 /* ErrorAlertView.swift */ = {isa = PBXFileReference; lastKnownFileType = sourcecode.swift; path = ErrorAlertView.swift; sourceTree = "<group>"; };
		01A81A4D2751D09C00D47916 /* SearchScreenView.swift */ = {isa = PBXFileReference; lastKnownFileType = sourcecode.swift; path = SearchScreenView.swift; sourceTree = "<group>"; };
		01CCDB12274F3BF4008337BB /* Faves with Friends.app */ = {isa = PBXFileReference; explicitFileType = wrapper.application; includeInIndex = 0; path = "Faves with Friends.app"; sourceTree = BUILT_PRODUCTS_DIR; };
		01CCDB15274F3BF4008337BB /* Faves_with_FriendsApp.swift */ = {isa = PBXFileReference; lastKnownFileType = sourcecode.swift; path = Faves_with_FriendsApp.swift; sourceTree = "<group>"; };
		01CCDB17274F3BF4008337BB /* ContentView.swift */ = {isa = PBXFileReference; lastKnownFileType = sourcecode.swift; path = ContentView.swift; sourceTree = "<group>"; };
		01CCDB19274F3BF5008337BB /* Assets.xcassets */ = {isa = PBXFileReference; lastKnownFileType = folder.assetcatalog; path = Assets.xcassets; sourceTree = "<group>"; };
		01CCDB1C274F3BF5008337BB /* Preview Assets.xcassets */ = {isa = PBXFileReference; lastKnownFileType = folder.assetcatalog; path = "Preview Assets.xcassets"; sourceTree = "<group>"; };
		01CCDB22274F3BF5008337BB /* Faves with FriendsTests.xctest */ = {isa = PBXFileReference; explicitFileType = wrapper.cfbundle; includeInIndex = 0; path = "Faves with FriendsTests.xctest"; sourceTree = BUILT_PRODUCTS_DIR; };
		01CCDB26274F3BF6008337BB /* Faves_with_FriendsTests.swift */ = {isa = PBXFileReference; lastKnownFileType = sourcecode.swift; path = Faves_with_FriendsTests.swift; sourceTree = "<group>"; };
		01CCDB2C274F3BF6008337BB /* Faves with FriendsUITests.xctest */ = {isa = PBXFileReference; explicitFileType = wrapper.cfbundle; includeInIndex = 0; path = "Faves with FriendsUITests.xctest"; sourceTree = BUILT_PRODUCTS_DIR; };
		01CCDB30274F3BF6008337BB /* Faves_with_FriendsUITests.swift */ = {isa = PBXFileReference; lastKnownFileType = sourcecode.swift; path = Faves_with_FriendsUITests.swift; sourceTree = "<group>"; };
		01CCDB32274F3BF6008337BB /* Faves_with_FriendsUITestsLaunchTests.swift */ = {isa = PBXFileReference; lastKnownFileType = sourcecode.swift; path = Faves_with_FriendsUITestsLaunchTests.swift; sourceTree = "<group>"; };
		01CCDB48274F3E33008337BB /* UserManager.swift */ = {isa = PBXFileReference; lastKnownFileType = sourcecode.swift; path = UserManager.swift; sourceTree = "<group>"; };
		01CCDB4B274F3E65008337BB /* User.swift */ = {isa = PBXFileReference; lastKnownFileType = sourcecode.swift; path = User.swift; sourceTree = "<group>"; };
		01CCDB4E274F3F01008337BB /* MovieHTTPServiceNetworkConnector.swift */ = {isa = PBXFileReference; lastKnownFileType = sourcecode.swift; path = MovieHTTPServiceNetworkConnector.swift; sourceTree = "<group>"; };
		01CCDB50274F42C3008337BB /* NetworkConstants.swift */ = {isa = PBXFileReference; lastKnownFileType = sourcecode.swift; path = NetworkConstants.swift; sourceTree = "<group>"; };
		01CCDB52274F4385008337BB /* Faves-with-Friends-Info.plist */ = {isa = PBXFileReference; lastKnownFileType = text.plist; path = "Faves-with-Friends-Info.plist"; sourceTree = SOURCE_ROOT; };
		01CCDB54274F4449008337BB /* TemporaryUserManager.swift */ = {isa = PBXFileReference; lastKnownFileType = sourcecode.swift; path = TemporaryUserManager.swift; sourceTree = "<group>"; };
		01CCDB57274F4AA8008337BB /* MovieHTTPService.swift */ = {isa = PBXFileReference; lastKnownFileType = sourcecode.swift; path = MovieHTTPService.swift; sourceTree = "<group>"; };
		01CCDB5A274F4AFA008337BB /* AppNetworkService.swift */ = {isa = PBXFileReference; lastKnownFileType = sourcecode.swift; path = AppNetworkService.swift; sourceTree = "<group>"; };
		01CCDB5D274F4DC0008337BB /* MovieErrorCodes.swift */ = {isa = PBXFileReference; lastKnownFileType = sourcecode.swift; path = MovieErrorCodes.swift; sourceTree = "<group>"; };
		01CCDB5F274F4EF2008337BB /* MovieNetworkErrorInfo.swift */ = {isa = PBXFileReference; lastKnownFileType = sourcecode.swift; path = MovieNetworkErrorInfo.swift; sourceTree = "<group>"; };
		01CCDB61274F4F46008337BB /* MovieNetworkErrorResponse.swift */ = {isa = PBXFileReference; lastKnownFileType = sourcecode.swift; path = MovieNetworkErrorResponse.swift; sourceTree = "<group>"; };
		01CCDB65274F513E008337BB /* MovieHTTPServiceErrorMapper.swift */ = {isa = PBXFileReference; lastKnownFileType = sourcecode.swift; path = MovieHTTPServiceErrorMapper.swift; sourceTree = "<group>"; };
		01CCDB69274F53E3008337BB /* MovieNetworkManager.swift */ = {isa = PBXFileReference; lastKnownFileType = sourcecode.swift; path = MovieNetworkManager.swift; sourceTree = "<group>"; };
		01CCDB6C274F583C008337BB /* Movie.swift */ = {isa = PBXFileReference; lastKnownFileType = sourcecode.swift; path = Movie.swift; sourceTree = "<group>"; };
		ED03E0A92751482D004DDEDA /* MovieSearchResult.swift */ = {isa = PBXFileReference; lastKnownFileType = sourcecode.swift; path = MovieSearchResult.swift; sourceTree = "<group>"; };
/* End PBXFileReference section */

/* Begin PBXFrameworksBuildPhase section */
		01CCDB0F274F3BF4008337BB /* Frameworks */ = {
			isa = PBXFrameworksBuildPhase;
			buildActionMask = 2147483647;
			files = (
				01CCDB41274F3CF8008337BB /* HTTPServiceFoundation in Frameworks */,
			);
			runOnlyForDeploymentPostprocessing = 0;
		};
		01CCDB1F274F3BF5008337BB /* Frameworks */ = {
			isa = PBXFrameworksBuildPhase;
			buildActionMask = 2147483647;
			files = (
			);
			runOnlyForDeploymentPostprocessing = 0;
		};
		01CCDB29274F3BF6008337BB /* Frameworks */ = {
			isa = PBXFrameworksBuildPhase;
			buildActionMask = 2147483647;
			files = (
			);
			runOnlyForDeploymentPostprocessing = 0;
		};
/* End PBXFrameworksBuildPhase section */

/* Begin PBXGroup section */
		01A81A15274F5F7C00D47916 /* Extensions */ = {
			isa = PBXGroup;
			children = (
				01A81A16274F5F8500D47916 /* SwiftUI */,
			);
			path = Extensions;
			sourceTree = "<group>";
		};
		01A81A16274F5F8500D47916 /* SwiftUI */ = {
			isa = PBXGroup;
			children = (
				01A81A17274F5F9600D47916 /* Environment */,
				01A81A38274F66A900D47916 /* Color */,
			);
			path = SwiftUI;
			sourceTree = "<group>";
		};
		01A81A17274F5F9600D47916 /* Environment */ = {
			isa = PBXGroup;
			children = (
				01A81A36274F666E00D47916 /* Environment+Palettes.swift */,
				01A81A18274F5FB600D47916 /* Environment+EnvironmentManager.swift */,
				01A81A22274F63A800D47916 /* Environment+User.swift */,
			);
			path = Environment;
			sourceTree = "<group>";
		};
		01A81A25274F658400D47916 /* Styling */ = {
			isa = PBXGroup;
			children = (
				01A81A26274F658400D47916 /* Palettes.swift */,
				01A81A27274F658400D47916 /* View Modifier */,
			);
			path = Styling;
			sourceTree = "<group>";
		};
		01A81A27274F658400D47916 /* View Modifier */ = {
			isa = PBXGroup;
			children = (
				01A81A28274F658400D47916 /* TextField */,
				01A81A2B274F658400D47916 /* Button */,
				01A81A2E274F658400D47916 /* Text */,
			);
			path = "View Modifier";
			sourceTree = "<group>";
		};
		01A81A28274F658400D47916 /* TextField */ = {
			isa = PBXGroup;
			children = (
				01A81A29274F658400D47916 /* AppTextFieldModifier.swift */,
				01A81A2A274F658400D47916 /* AppSecureFieldModifier.swift */,
			);
			path = TextField;
			sourceTree = "<group>";
		};
		01A81A2B274F658400D47916 /* Button */ = {
			isa = PBXGroup;
			children = (
				01A81A2C274F658400D47916 /* SecondaryButtonModifier.swift */,
				01A81A2D274F658400D47916 /* PrimaryButtonModifier.swift */,
			);
			path = Button;
			sourceTree = "<group>";
		};
		01A81A2E274F658400D47916 /* Text */ = {
			isa = PBXGroup;
			children = (
				01A81A2F274F658400D47916 /* AppTextModifier.swift */,
			);
			path = Text;
			sourceTree = "<group>";
		};
		01A81A38274F66A900D47916 /* Color */ = {
			isa = PBXGroup;
			children = (
				01A81A39274F66BC00D47916 /* Color+Palette.swift */,
			);
			path = Color;
			sourceTree = "<group>";
		};
		01A81A3D274F67B500D47916 /* Constants */ = {
			isa = PBXGroup;
			children = (
				01A81A3E274F67C500D47916 /* ColorPalettes.swift */,
			);
			path = Constants;
			sourceTree = "<group>";
		};
		01A81A4227504AD900D47916 /* Movie */ = {
			isa = PBXGroup;
			children = (
				01CCDB6C274F583C008337BB /* Movie.swift */,
				ED03E0A92751482D004DDEDA /* MovieSearchResult.swift */,
			);
			path = Movie;
			sourceTree = "<group>";
		};
		01A81A4327504AFD00D47916 /* Error */ = {
			isa = PBXGroup;
			children = (
				01A81A4427504B4E00D47916 /* DisplayableErrorInfo.swift */,
				01A81A4627504C9A00D47916 /* DisplayableErrorInfoButton.swift */,
			);
			path = Error;
			sourceTree = "<group>";
		};
		01A81A4827505CE300D47916 /* Views */ = {
			isa = PBXGroup;
			children = (
				01A81A4927505CF100D47916 /* Errors */,
			);
			path = Views;
			sourceTree = "<group>";
		};
		01A81A4927505CF100D47916 /* Errors */ = {
			isa = PBXGroup;
			children = (
				01A81A4A27505D2100D47916 /* ErrorAlertView.swift */,
			);
			path = Errors;
			sourceTree = "<group>";
		};
		01A81A4C2751D08400D47916 /* Search */ = {
			isa = PBXGroup;
			children = (
				01A81A4D2751D09C00D47916 /* SearchScreenView.swift */,
			);
			path = Search;
			sourceTree = "<group>";
		};
		01CCDB09274F3BF4008337BB = {
			isa = PBXGroup;
			children = (
				01CCDB14274F3BF4008337BB /* Faves with Friends */,
				01CCDB25274F3BF6008337BB /* Faves with FriendsTests */,
				01CCDB2F274F3BF6008337BB /* Faves with FriendsUITests */,
				01CCDB13274F3BF4008337BB /* Products */,
			);
			sourceTree = "<group>";
		};
		01CCDB13274F3BF4008337BB /* Products */ = {
			isa = PBXGroup;
			children = (
				01CCDB12274F3BF4008337BB /* Faves with Friends.app */,
				01CCDB22274F3BF5008337BB /* Faves with FriendsTests.xctest */,
				01CCDB2C274F3BF6008337BB /* Faves with FriendsUITests.xctest */,
			);
			name = Products;
			sourceTree = "<group>";
		};
		01CCDB14274F3BF4008337BB /* Faves with Friends */ = {
			isa = PBXGroup;
			children = (
				01CCDB52274F4385008337BB /* Faves-with-Friends-Info.plist */,
				01CCDB43274F3D31008337BB /* Screens */,
				01A81A4827505CE300D47916 /* Views */,
				01CCDB6B274F57EB008337BB /* Models */,
				01CCDB42274F3D23008337BB /* App */,
				01CCDB45274F3D9B008337BB /* Managers */,
				01A81A25274F658400D47916 /* Styling */,
				01A81A15274F5F7C00D47916 /* Extensions */,
				01CCDB1B274F3BF5008337BB /* Preview Content */,
			);
			path = "Faves with Friends";
			sourceTree = "<group>";
		};
		01CCDB1B274F3BF5008337BB /* Preview Content */ = {
			isa = PBXGroup;
			children = (
				01CCDB1C274F3BF5008337BB /* Preview Assets.xcassets */,
			);
			path = "Preview Content";
			sourceTree = "<group>";
		};
		01CCDB25274F3BF6008337BB /* Faves with FriendsTests */ = {
			isa = PBXGroup;
			children = (
				01CCDB26274F3BF6008337BB /* Faves_with_FriendsTests.swift */,
			);
			path = "Faves with FriendsTests";
			sourceTree = "<group>";
		};
		01CCDB2F274F3BF6008337BB /* Faves with FriendsUITests */ = {
			isa = PBXGroup;
			children = (
				01CCDB30274F3BF6008337BB /* Faves_with_FriendsUITests.swift */,
				01CCDB32274F3BF6008337BB /* Faves_with_FriendsUITestsLaunchTests.swift */,
			);
			path = "Faves with FriendsUITests";
			sourceTree = "<group>";
		};
		01CCDB42274F3D23008337BB /* App */ = {
			isa = PBXGroup;
			children = (
				01A81A3D274F67B500D47916 /* Constants */,
				01CCDB15274F3BF4008337BB /* Faves_with_FriendsApp.swift */,
				01CCDB17274F3BF4008337BB /* ContentView.swift */,
				01A81A1C274F618000D47916 /* AppDelegate.swift */,
				01CCDB19274F3BF5008337BB /* Assets.xcassets */,
				01A81A3B274F66EE00D47916 /* Color Palettes.xcassets */,
			);
			path = App;
			sourceTree = "<group>";
		};
		01CCDB43274F3D31008337BB /* Screens */ = {
			isa = PBXGroup;
			children = (
				01A81A4C2751D08400D47916 /* Search */,
				01A81A1E274F622100D47916 /* MainView.swift */,
				01A81A20274F62B500D47916 /* LoginScreenView.swift */,
				01A81A1A274F60AF00D47916 /* LaunchScreenView.swift */,
			);
			path = Screens;
			sourceTree = "<group>";
		};
		01CCDB44274F3D6A008337BB /* Networking */ = {
			isa = PBXGroup;
			children = (
				01CCDB69274F53E3008337BB /* MovieNetworkManager.swift */,
				01CCDB50274F42C3008337BB /* NetworkConstants.swift */,
				01CCDB68274F52EB008337BB /* Protocols */,
				01CCDB67274F5212008337BB /* Movie */,
			);
			path = Networking;
			sourceTree = "<group>";
		};
		01CCDB45274F3D9B008337BB /* Managers */ = {
			isa = PBXGroup;
			children = (
				01A81A11274F5DD100D47916 /* EnvironmentManager.swift */,
				01A81A13274F5E5600D47916 /* AppEnvironmentManager.swift */,
				01A81A4027504A8100D47916 /* AlertManager.swift */,
				01CCDB46274F3DC8008337BB /* User */,
				01CCDB44274F3D6A008337BB /* Networking */,
			);
			path = Managers;
			sourceTree = "<group>";
		};
		01CCDB46274F3DC8008337BB /* User */ = {
			isa = PBXGroup;
			children = (
				01CCDB4A274F3E52008337BB /* Models */,
				01CCDB53274F43E1008337BB /* Implementations */,
				01CCDB47274F3E27008337BB /* Protocols */,
			);
			path = User;
			sourceTree = "<group>";
		};
		01CCDB47274F3E27008337BB /* Protocols */ = {
			isa = PBXGroup;
			children = (
				01CCDB48274F3E33008337BB /* UserManager.swift */,
			);
			path = Protocols;
			sourceTree = "<group>";
		};
		01CCDB4A274F3E52008337BB /* Models */ = {
			isa = PBXGroup;
			children = (
				01CCDB4B274F3E65008337BB /* User.swift */,
			);
			path = Models;
			sourceTree = "<group>";
		};
		01CCDB53274F43E1008337BB /* Implementations */ = {
			isa = PBXGroup;
			children = (
				01CCDB54274F4449008337BB /* TemporaryUserManager.swift */,
			);
			path = Implementations;
			sourceTree = "<group>";
		};
		01CCDB67274F5212008337BB /* Movie */ = {
			isa = PBXGroup;
			children = (
				01CCDB57274F4AA8008337BB /* MovieHTTPService.swift */,
				01CCDB4E274F3F01008337BB /* MovieHTTPServiceNetworkConnector.swift */,
				01CCDB5D274F4DC0008337BB /* MovieErrorCodes.swift */,
				01CCDB5F274F4EF2008337BB /* MovieNetworkErrorInfo.swift */,
				01CCDB61274F4F46008337BB /* MovieNetworkErrorResponse.swift */,
				01CCDB65274F513E008337BB /* MovieHTTPServiceErrorMapper.swift */,
			);
			path = Movie;
			sourceTree = "<group>";
		};
		01CCDB68274F52EB008337BB /* Protocols */ = {
			isa = PBXGroup;
			children = (
				01CCDB5A274F4AFA008337BB /* AppNetworkService.swift */,
			);
			path = Protocols;
			sourceTree = "<group>";
		};
		01CCDB6B274F57EB008337BB /* Models */ = {
			isa = PBXGroup;
			children = (
				01A81A4327504AFD00D47916 /* Error */,
				01A81A4227504AD900D47916 /* Movie */,
			);
			path = Models;
			sourceTree = "<group>";
		};
/* End PBXGroup section */

/* Begin PBXNativeTarget section */
		01CCDB11274F3BF4008337BB /* Faves with Friends */ = {
			isa = PBXNativeTarget;
			buildConfigurationList = 01CCDB36274F3BF6008337BB /* Build configuration list for PBXNativeTarget "Faves with Friends" */;
			buildPhases = (
				01CCDB0E274F3BF4008337BB /* Sources */,
				01CCDB0F274F3BF4008337BB /* Frameworks */,
				01CCDB10274F3BF4008337BB /* Resources */,
			);
			buildRules = (
			);
			dependencies = (
			);
			name = "Faves with Friends";
			packageProductDependencies = (
				01CCDB40274F3CF8008337BB /* HTTPServiceFoundation */,
			);
			productName = "Faves with Friends";
			productReference = 01CCDB12274F3BF4008337BB /* Faves with Friends.app */;
			productType = "com.apple.product-type.application";
		};
		01CCDB21274F3BF5008337BB /* Faves with FriendsTests */ = {
			isa = PBXNativeTarget;
			buildConfigurationList = 01CCDB39274F3BF6008337BB /* Build configuration list for PBXNativeTarget "Faves with FriendsTests" */;
			buildPhases = (
				01CCDB1E274F3BF5008337BB /* Sources */,
				01CCDB1F274F3BF5008337BB /* Frameworks */,
				01CCDB20274F3BF5008337BB /* Resources */,
			);
			buildRules = (
			);
			dependencies = (
				01CCDB24274F3BF5008337BB /* PBXTargetDependency */,
			);
			name = "Faves with FriendsTests";
			productName = "Faves with FriendsTests";
			productReference = 01CCDB22274F3BF5008337BB /* Faves with FriendsTests.xctest */;
			productType = "com.apple.product-type.bundle.unit-test";
		};
		01CCDB2B274F3BF6008337BB /* Faves with FriendsUITests */ = {
			isa = PBXNativeTarget;
			buildConfigurationList = 01CCDB3C274F3BF6008337BB /* Build configuration list for PBXNativeTarget "Faves with FriendsUITests" */;
			buildPhases = (
				01CCDB28274F3BF6008337BB /* Sources */,
				01CCDB29274F3BF6008337BB /* Frameworks */,
				01CCDB2A274F3BF6008337BB /* Resources */,
			);
			buildRules = (
			);
			dependencies = (
				01CCDB2E274F3BF6008337BB /* PBXTargetDependency */,
			);
			name = "Faves with FriendsUITests";
			productName = "Faves with FriendsUITests";
			productReference = 01CCDB2C274F3BF6008337BB /* Faves with FriendsUITests.xctest */;
			productType = "com.apple.product-type.bundle.ui-testing";
		};
/* End PBXNativeTarget section */

/* Begin PBXProject section */
		01CCDB0A274F3BF4008337BB /* Project object */ = {
			isa = PBXProject;
			attributes = {
				BuildIndependentTargetsInParallel = 1;
				LastSwiftUpdateCheck = 1320;
				LastUpgradeCheck = 1320;
				TargetAttributes = {
					01CCDB11274F3BF4008337BB = {
						CreatedOnToolsVersion = 13.2;
					};
					01CCDB21274F3BF5008337BB = {
						CreatedOnToolsVersion = 13.2;
						TestTargetID = 01CCDB11274F3BF4008337BB;
					};
					01CCDB2B274F3BF6008337BB = {
						CreatedOnToolsVersion = 13.2;
						TestTargetID = 01CCDB11274F3BF4008337BB;
					};
				};
			};
			buildConfigurationList = 01CCDB0D274F3BF4008337BB /* Build configuration list for PBXProject "Faves with Friends" */;
			compatibilityVersion = "Xcode 13.0";
			developmentRegion = en;
			hasScannedForEncodings = 0;
			knownRegions = (
				en,
				Base,
			);
			mainGroup = 01CCDB09274F3BF4008337BB;
			packageReferences = (
				01CCDB3F274F3CF8008337BB /* XCRemoteSwiftPackageReference "HTTPService" */,
			);
			productRefGroup = 01CCDB13274F3BF4008337BB /* Products */;
			projectDirPath = "";
			projectRoot = "";
			targets = (
				01CCDB11274F3BF4008337BB /* Faves with Friends */,
				01CCDB21274F3BF5008337BB /* Faves with FriendsTests */,
				01CCDB2B274F3BF6008337BB /* Faves with FriendsUITests */,
			);
		};
/* End PBXProject section */

/* Begin PBXResourcesBuildPhase section */
		01CCDB10274F3BF4008337BB /* Resources */ = {
			isa = PBXResourcesBuildPhase;
			buildActionMask = 2147483647;
			files = (
				01CCDB1D274F3BF5008337BB /* Preview Assets.xcassets in Resources */,
				01CCDB1A274F3BF5008337BB /* Assets.xcassets in Resources */,
				01A81A3C274F66EE00D47916 /* Color Palettes.xcassets in Resources */,
			);
			runOnlyForDeploymentPostprocessing = 0;
		};
		01CCDB20274F3BF5008337BB /* Resources */ = {
			isa = PBXResourcesBuildPhase;
			buildActionMask = 2147483647;
			files = (
			);
			runOnlyForDeploymentPostprocessing = 0;
		};
		01CCDB2A274F3BF6008337BB /* Resources */ = {
			isa = PBXResourcesBuildPhase;
			buildActionMask = 2147483647;
			files = (
			);
			runOnlyForDeploymentPostprocessing = 0;
		};
/* End PBXResourcesBuildPhase section */

/* Begin PBXSourcesBuildPhase section */
		01CCDB0E274F3BF4008337BB /* Sources */ = {
			isa = PBXSourcesBuildPhase;
			buildActionMask = 2147483647;
			files = (
				01CCDB51274F42C3008337BB /* NetworkConstants.swift in Sources */,
				01A81A1F274F622100D47916 /* MainView.swift in Sources */,
				01CCDB62274F4F46008337BB /* MovieNetworkErrorResponse.swift in Sources */,
				01A81A37274F666E00D47916 /* Environment+Palettes.swift in Sources */,
				01A81A30274F658400D47916 /* Palettes.swift in Sources */,
				01CCDB58274F4AA8008337BB /* MovieHTTPService.swift in Sources */,
				01A81A34274F658400D47916 /* PrimaryButtonModifier.swift in Sources */,
				01A81A31274F658400D47916 /* AppTextFieldModifier.swift in Sources */,
				01A81A12274F5DD100D47916 /* EnvironmentManager.swift in Sources */,
				01CCDB4C274F3E65008337BB /* User.swift in Sources */,
				01CCDB5B274F4AFA008337BB /* AppNetworkService.swift in Sources */,
				01A81A23274F63A800D47916 /* Environment+User.swift in Sources */,
				01A81A4727504C9A00D47916 /* DisplayableErrorInfoButton.swift in Sources */,
				01CCDB5E274F4DC0008337BB /* MovieErrorCodes.swift in Sources */,
				01CCDB66274F513E008337BB /* MovieHTTPServiceErrorMapper.swift in Sources */,
				01A81A1D274F618000D47916 /* AppDelegate.swift in Sources */,
				01A81A3F274F67C500D47916 /* ColorPalettes.swift in Sources */,
				01A81A14274F5E5600D47916 /* AppEnvironmentManager.swift in Sources */,
				01CCDB6A274F53E3008337BB /* MovieNetworkManager.swift in Sources */,
				ED03E0AA2751482D004DDEDA /* MovieSearchResult.swift in Sources */,
				01A81A1B274F60AF00D47916 /* LaunchScreenView.swift in Sources */,
				01A81A4B27505D2100D47916 /* ErrorAlertView.swift in Sources */,
				01A81A4E2751D09C00D47916 /* SearchScreenView.swift in Sources */,
				01A81A4527504B4E00D47916 /* DisplayableErrorInfo.swift in Sources */,
				01A81A35274F658400D47916 /* AppTextModifier.swift in Sources */,
				01CCDB49274F3E33008337BB /* UserManager.swift in Sources */,
				01CCDB4F274F3F01008337BB /* MovieHTTPServiceNetworkConnector.swift in Sources */,
				01CCDB18274F3BF4008337BB /* ContentView.swift in Sources */,
				01A81A4127504A8100D47916 /* AlertManager.swift in Sources */,
				01A81A19274F5FB600D47916 /* Environment+EnvironmentManager.swift in Sources */,
				01A81A32274F658400D47916 /* AppSecureFieldModifier.swift in Sources */,
				01CCDB55274F4449008337BB /* TemporaryUserManager.swift in Sources */,
				01CCDB60274F4EF2008337BB /* MovieNetworkErrorInfo.swift in Sources */,
				01CCDB16274F3BF4008337BB /* Faves_with_FriendsApp.swift in Sources */,
				01A81A21274F62B500D47916 /* LoginScreenView.swift in Sources */,
				01CCDB6D274F583C008337BB /* Movie.swift in Sources */,
				01A81A3A274F66BC00D47916 /* Color+Palette.swift in Sources */,
				01A81A33274F658400D47916 /* SecondaryButtonModifier.swift in Sources */,
			);
			runOnlyForDeploymentPostprocessing = 0;
		};
		01CCDB1E274F3BF5008337BB /* Sources */ = {
			isa = PBXSourcesBuildPhase;
			buildActionMask = 2147483647;
			files = (
				01CCDB27274F3BF6008337BB /* Faves_with_FriendsTests.swift in Sources */,
			);
			runOnlyForDeploymentPostprocessing = 0;
		};
		01CCDB28274F3BF6008337BB /* Sources */ = {
			isa = PBXSourcesBuildPhase;
			buildActionMask = 2147483647;
			files = (
				01CCDB33274F3BF6008337BB /* Faves_with_FriendsUITestsLaunchTests.swift in Sources */,
				01CCDB31274F3BF6008337BB /* Faves_with_FriendsUITests.swift in Sources */,
			);
			runOnlyForDeploymentPostprocessing = 0;
		};
/* End PBXSourcesBuildPhase section */

/* Begin PBXTargetDependency section */
		01CCDB24274F3BF5008337BB /* PBXTargetDependency */ = {
			isa = PBXTargetDependency;
			target = 01CCDB11274F3BF4008337BB /* Faves with Friends */;
			targetProxy = 01CCDB23274F3BF5008337BB /* PBXContainerItemProxy */;
		};
		01CCDB2E274F3BF6008337BB /* PBXTargetDependency */ = {
			isa = PBXTargetDependency;
			target = 01CCDB11274F3BF4008337BB /* Faves with Friends */;
			targetProxy = 01CCDB2D274F3BF6008337BB /* PBXContainerItemProxy */;
		};
/* End PBXTargetDependency section */

/* Begin XCBuildConfiguration section */
		01CCDB34274F3BF6008337BB /* Debug */ = {
			isa = XCBuildConfiguration;
			buildSettings = {
				ALWAYS_SEARCH_USER_PATHS = NO;
				CLANG_ANALYZER_NONNULL = YES;
				CLANG_ANALYZER_NUMBER_OBJECT_CONVERSION = YES_AGGRESSIVE;
				CLANG_CXX_LANGUAGE_STANDARD = "gnu++17";
				CLANG_CXX_LIBRARY = "libc++";
				CLANG_ENABLE_MODULES = YES;
				CLANG_ENABLE_OBJC_ARC = YES;
				CLANG_ENABLE_OBJC_WEAK = YES;
				CLANG_WARN_BLOCK_CAPTURE_AUTORELEASING = YES;
				CLANG_WARN_BOOL_CONVERSION = YES;
				CLANG_WARN_COMMA = YES;
				CLANG_WARN_CONSTANT_CONVERSION = YES;
				CLANG_WARN_DEPRECATED_OBJC_IMPLEMENTATIONS = YES;
				CLANG_WARN_DIRECT_OBJC_ISA_USAGE = YES_ERROR;
				CLANG_WARN_DOCUMENTATION_COMMENTS = YES;
				CLANG_WARN_EMPTY_BODY = YES;
				CLANG_WARN_ENUM_CONVERSION = YES;
				CLANG_WARN_INFINITE_RECURSION = YES;
				CLANG_WARN_INT_CONVERSION = YES;
				CLANG_WARN_NON_LITERAL_NULL_CONVERSION = YES;
				CLANG_WARN_OBJC_IMPLICIT_RETAIN_SELF = YES;
				CLANG_WARN_OBJC_LITERAL_CONVERSION = YES;
				CLANG_WARN_OBJC_ROOT_CLASS = YES_ERROR;
				CLANG_WARN_QUOTED_INCLUDE_IN_FRAMEWORK_HEADER = YES;
				CLANG_WARN_RANGE_LOOP_ANALYSIS = YES;
				CLANG_WARN_STRICT_PROTOTYPES = YES;
				CLANG_WARN_SUSPICIOUS_MOVE = YES;
				CLANG_WARN_UNGUARDED_AVAILABILITY = YES_AGGRESSIVE;
				CLANG_WARN_UNREACHABLE_CODE = YES;
				CLANG_WARN__DUPLICATE_METHOD_MATCH = YES;
				COPY_PHASE_STRIP = NO;
				DEBUG_INFORMATION_FORMAT = dwarf;
				ENABLE_STRICT_OBJC_MSGSEND = YES;
				ENABLE_TESTABILITY = YES;
				GCC_C_LANGUAGE_STANDARD = gnu11;
				GCC_DYNAMIC_NO_PIC = NO;
				GCC_NO_COMMON_BLOCKS = YES;
				GCC_OPTIMIZATION_LEVEL = 0;
				GCC_PREPROCESSOR_DEFINITIONS = (
					"DEBUG=1",
					"$(inherited)",
				);
				GCC_WARN_64_TO_32_BIT_CONVERSION = YES;
				GCC_WARN_ABOUT_RETURN_TYPE = YES_ERROR;
				GCC_WARN_UNDECLARED_SELECTOR = YES;
				GCC_WARN_UNINITIALIZED_AUTOS = YES_AGGRESSIVE;
				GCC_WARN_UNUSED_FUNCTION = YES;
				GCC_WARN_UNUSED_VARIABLE = YES;
				IPHONEOS_DEPLOYMENT_TARGET = 15.2;
				MTL_ENABLE_DEBUG_INFO = INCLUDE_SOURCE;
				MTL_FAST_MATH = YES;
				ONLY_ACTIVE_ARCH = YES;
				SDKROOT = iphoneos;
				SWIFT_ACTIVE_COMPILATION_CONDITIONS = DEBUG;
				SWIFT_OPTIMIZATION_LEVEL = "-Onone";
				THE_MOVIE_DB_API_KEY = "eyJhbGciOiJIUzI1NiJ9.eyJhdWQiOiIzMWYwYzFiZTYxMWI2MzhmZjAxYzMzOGIxNTY3MWE0YyIsInN1YiI6IjVlYzMyNDgyY2U1ZDgyMDAxYjJlMmZiMiIsInNjb3BlcyI6WyJhcGlfcmVhZCJdLCJ2ZXJzaW9uIjoxfQ.lkdhVtkNf4KIlzzZppDEwzbDS3Viu9JYEw-vKUiggao";
			};
			name = Debug;
		};
		01CCDB35274F3BF6008337BB /* Release */ = {
			isa = XCBuildConfiguration;
			buildSettings = {
				ALWAYS_SEARCH_USER_PATHS = NO;
				CLANG_ANALYZER_NONNULL = YES;
				CLANG_ANALYZER_NUMBER_OBJECT_CONVERSION = YES_AGGRESSIVE;
				CLANG_CXX_LANGUAGE_STANDARD = "gnu++17";
				CLANG_CXX_LIBRARY = "libc++";
				CLANG_ENABLE_MODULES = YES;
				CLANG_ENABLE_OBJC_ARC = YES;
				CLANG_ENABLE_OBJC_WEAK = YES;
				CLANG_WARN_BLOCK_CAPTURE_AUTORELEASING = YES;
				CLANG_WARN_BOOL_CONVERSION = YES;
				CLANG_WARN_COMMA = YES;
				CLANG_WARN_CONSTANT_CONVERSION = YES;
				CLANG_WARN_DEPRECATED_OBJC_IMPLEMENTATIONS = YES;
				CLANG_WARN_DIRECT_OBJC_ISA_USAGE = YES_ERROR;
				CLANG_WARN_DOCUMENTATION_COMMENTS = YES;
				CLANG_WARN_EMPTY_BODY = YES;
				CLANG_WARN_ENUM_CONVERSION = YES;
				CLANG_WARN_INFINITE_RECURSION = YES;
				CLANG_WARN_INT_CONVERSION = YES;
				CLANG_WARN_NON_LITERAL_NULL_CONVERSION = YES;
				CLANG_WARN_OBJC_IMPLICIT_RETAIN_SELF = YES;
				CLANG_WARN_OBJC_LITERAL_CONVERSION = YES;
				CLANG_WARN_OBJC_ROOT_CLASS = YES_ERROR;
				CLANG_WARN_QUOTED_INCLUDE_IN_FRAMEWORK_HEADER = YES;
				CLANG_WARN_RANGE_LOOP_ANALYSIS = YES;
				CLANG_WARN_STRICT_PROTOTYPES = YES;
				CLANG_WARN_SUSPICIOUS_MOVE = YES;
				CLANG_WARN_UNGUARDED_AVAILABILITY = YES_AGGRESSIVE;
				CLANG_WARN_UNREACHABLE_CODE = YES;
				CLANG_WARN__DUPLICATE_METHOD_MATCH = YES;
				COPY_PHASE_STRIP = NO;
				DEBUG_INFORMATION_FORMAT = "dwarf-with-dsym";
				ENABLE_NS_ASSERTIONS = NO;
				ENABLE_STRICT_OBJC_MSGSEND = YES;
				GCC_C_LANGUAGE_STANDARD = gnu11;
				GCC_NO_COMMON_BLOCKS = YES;
				GCC_WARN_64_TO_32_BIT_CONVERSION = YES;
				GCC_WARN_ABOUT_RETURN_TYPE = YES_ERROR;
				GCC_WARN_UNDECLARED_SELECTOR = YES;
				GCC_WARN_UNINITIALIZED_AUTOS = YES_AGGRESSIVE;
				GCC_WARN_UNUSED_FUNCTION = YES;
				GCC_WARN_UNUSED_VARIABLE = YES;
				IPHONEOS_DEPLOYMENT_TARGET = 15.2;
				MTL_ENABLE_DEBUG_INFO = NO;
				MTL_FAST_MATH = YES;
				SDKROOT = iphoneos;
				SWIFT_COMPILATION_MODE = wholemodule;
				SWIFT_OPTIMIZATION_LEVEL = "-O";
				THE_MOVIE_DB_API_KEY = "eyJhbGciOiJIUzI1NiJ9.eyJhdWQiOiIzMWYwYzFiZTYxMWI2MzhmZjAxYzMzOGIxNTY3MWE0YyIsInN1YiI6IjVlYzMyNDgyY2U1ZDgyMDAxYjJlMmZiMiIsInNjb3BlcyI6WyJhcGlfcmVhZCJdLCJ2ZXJzaW9uIjoxfQ.lkdhVtkNf4KIlzzZppDEwzbDS3Viu9JYEw-vKUiggao";
				VALIDATE_PRODUCT = YES;
			};
			name = Release;
		};
		01CCDB37274F3BF6008337BB /* Debug */ = {
			isa = XCBuildConfiguration;
			buildSettings = {
				ASSETCATALOG_COMPILER_APPICON_NAME = AppIcon;
				ASSETCATALOG_COMPILER_GLOBAL_ACCENT_COLOR_NAME = AccentColor;
				CODE_SIGN_STYLE = Automatic;
				CURRENT_PROJECT_VERSION = 1;
				DEVELOPMENT_ASSET_PATHS = "\"Faves with Friends/Preview Content\"";
				DEVELOPMENT_TEAM = HS542V5MUB;
				ENABLE_PREVIEWS = YES;
				GENERATE_INFOPLIST_FILE = YES;
				INFOPLIST_FILE = "Faves-with-Friends-Info.plist";
				INFOPLIST_KEY_UIApplicationSceneManifest_Generation = YES;
				INFOPLIST_KEY_UIApplicationSupportsIndirectInputEvents = YES;
				INFOPLIST_KEY_UILaunchScreen_Generation = YES;
				INFOPLIST_KEY_UISupportedInterfaceOrientations_iPad = "UIInterfaceOrientationPortrait UIInterfaceOrientationPortraitUpsideDown UIInterfaceOrientationLandscapeLeft UIInterfaceOrientationLandscapeRight";
				INFOPLIST_KEY_UISupportedInterfaceOrientations_iPhone = "UIInterfaceOrientationPortrait UIInterfaceOrientationLandscapeLeft UIInterfaceOrientationLandscapeRight";
				LD_RUNPATH_SEARCH_PATHS = (
					"$(inherited)",
					"@executable_path/Frameworks",
				);
				MARKETING_VERSION = 1.0;
				PRODUCT_BUNDLE_IDENTIFIER = "com.ods.test.Faves-with-Friends";
				PRODUCT_NAME = "$(TARGET_NAME)";
				SWIFT_EMIT_LOC_STRINGS = YES;
				SWIFT_VERSION = 5.0;
				TARGETED_DEVICE_FAMILY = "1,2";
			};
			name = Debug;
		};
		01CCDB38274F3BF6008337BB /* Release */ = {
			isa = XCBuildConfiguration;
			buildSettings = {
				ASSETCATALOG_COMPILER_APPICON_NAME = AppIcon;
				ASSETCATALOG_COMPILER_GLOBAL_ACCENT_COLOR_NAME = AccentColor;
				CODE_SIGN_STYLE = Automatic;
				CURRENT_PROJECT_VERSION = 1;
				DEVELOPMENT_ASSET_PATHS = "\"Faves with Friends/Preview Content\"";
				DEVELOPMENT_TEAM = HS542V5MUB;
				ENABLE_PREVIEWS = YES;
				GENERATE_INFOPLIST_FILE = YES;
				INFOPLIST_FILE = "Faves-with-Friends-Info.plist";
				INFOPLIST_KEY_UIApplicationSceneManifest_Generation = YES;
				INFOPLIST_KEY_UIApplicationSupportsIndirectInputEvents = YES;
				INFOPLIST_KEY_UILaunchScreen_Generation = YES;
				INFOPLIST_KEY_UISupportedInterfaceOrientations_iPad = "UIInterfaceOrientationPortrait UIInterfaceOrientationPortraitUpsideDown UIInterfaceOrientationLandscapeLeft UIInterfaceOrientationLandscapeRight";
				INFOPLIST_KEY_UISupportedInterfaceOrientations_iPhone = "UIInterfaceOrientationPortrait UIInterfaceOrientationLandscapeLeft UIInterfaceOrientationLandscapeRight";
				LD_RUNPATH_SEARCH_PATHS = (
					"$(inherited)",
					"@executable_path/Frameworks",
				);
				MARKETING_VERSION = 1.0;
				PRODUCT_BUNDLE_IDENTIFIER = "com.ods.test.Faves-with-Friends";
				PRODUCT_NAME = "$(TARGET_NAME)";
				SWIFT_EMIT_LOC_STRINGS = YES;
				SWIFT_VERSION = 5.0;
				TARGETED_DEVICE_FAMILY = "1,2";
			};
			name = Release;
		};
		01CCDB3A274F3BF6008337BB /* Debug */ = {
			isa = XCBuildConfiguration;
			buildSettings = {
				ALWAYS_EMBED_SWIFT_STANDARD_LIBRARIES = YES;
				BUNDLE_LOADER = "$(TEST_HOST)";
				CODE_SIGN_STYLE = Automatic;
				CURRENT_PROJECT_VERSION = 1;
				DEVELOPMENT_TEAM = HS542V5MUB;
				GENERATE_INFOPLIST_FILE = YES;
				IPHONEOS_DEPLOYMENT_TARGET = 15.2;
				MARKETING_VERSION = 1.0;
				PRODUCT_BUNDLE_IDENTIFIER = "com.ods.test.Faves-with-FriendsTests";
				PRODUCT_NAME = "$(TARGET_NAME)";
				SWIFT_EMIT_LOC_STRINGS = NO;
				SWIFT_VERSION = 5.0;
				TARGETED_DEVICE_FAMILY = "1,2";
				TEST_HOST = "$(BUILT_PRODUCTS_DIR)/Faves with Friends.app/Faves with Friends";
			};
			name = Debug;
		};
		01CCDB3B274F3BF6008337BB /* Release */ = {
			isa = XCBuildConfiguration;
			buildSettings = {
				ALWAYS_EMBED_SWIFT_STANDARD_LIBRARIES = YES;
				BUNDLE_LOADER = "$(TEST_HOST)";
				CODE_SIGN_STYLE = Automatic;
				CURRENT_PROJECT_VERSION = 1;
				DEVELOPMENT_TEAM = HS542V5MUB;
				GENERATE_INFOPLIST_FILE = YES;
				IPHONEOS_DEPLOYMENT_TARGET = 15.2;
				MARKETING_VERSION = 1.0;
				PRODUCT_BUNDLE_IDENTIFIER = "com.ods.test.Faves-with-FriendsTests";
				PRODUCT_NAME = "$(TARGET_NAME)";
				SWIFT_EMIT_LOC_STRINGS = NO;
				SWIFT_VERSION = 5.0;
				TARGETED_DEVICE_FAMILY = "1,2";
				TEST_HOST = "$(BUILT_PRODUCTS_DIR)/Faves with Friends.app/Faves with Friends";
			};
			name = Release;
		};
		01CCDB3D274F3BF6008337BB /* Debug */ = {
			isa = XCBuildConfiguration;
			buildSettings = {
				ALWAYS_EMBED_SWIFT_STANDARD_LIBRARIES = YES;
				CODE_SIGN_STYLE = Automatic;
				CURRENT_PROJECT_VERSION = 1;
				DEVELOPMENT_TEAM = HS542V5MUB;
				GENERATE_INFOPLIST_FILE = YES;
				MARKETING_VERSION = 1.0;
				PRODUCT_BUNDLE_IDENTIFIER = "com.ods.test.Faves-with-FriendsUITests";
				PRODUCT_NAME = "$(TARGET_NAME)";
				SWIFT_EMIT_LOC_STRINGS = NO;
				SWIFT_VERSION = 5.0;
				TARGETED_DEVICE_FAMILY = "1,2";
				TEST_TARGET_NAME = "Faves with Friends";
			};
			name = Debug;
		};
		01CCDB3E274F3BF6008337BB /* Release */ = {
			isa = XCBuildConfiguration;
			buildSettings = {
				ALWAYS_EMBED_SWIFT_STANDARD_LIBRARIES = YES;
				CODE_SIGN_STYLE = Automatic;
				CURRENT_PROJECT_VERSION = 1;
				DEVELOPMENT_TEAM = HS542V5MUB;
				GENERATE_INFOPLIST_FILE = YES;
				MARKETING_VERSION = 1.0;
				PRODUCT_BUNDLE_IDENTIFIER = "com.ods.test.Faves-with-FriendsUITests";
				PRODUCT_NAME = "$(TARGET_NAME)";
				SWIFT_EMIT_LOC_STRINGS = NO;
				SWIFT_VERSION = 5.0;
				TARGETED_DEVICE_FAMILY = "1,2";
				TEST_TARGET_NAME = "Faves with Friends";
			};
			name = Release;
		};
/* End XCBuildConfiguration section */

/* Begin XCConfigurationList section */
		01CCDB0D274F3BF4008337BB /* Build configuration list for PBXProject "Faves with Friends" */ = {
			isa = XCConfigurationList;
			buildConfigurations = (
				01CCDB34274F3BF6008337BB /* Debug */,
				01CCDB35274F3BF6008337BB /* Release */,
			);
			defaultConfigurationIsVisible = 0;
			defaultConfigurationName = Release;
		};
		01CCDB36274F3BF6008337BB /* Build configuration list for PBXNativeTarget "Faves with Friends" */ = {
			isa = XCConfigurationList;
			buildConfigurations = (
				01CCDB37274F3BF6008337BB /* Debug */,
				01CCDB38274F3BF6008337BB /* Release */,
			);
			defaultConfigurationIsVisible = 0;
			defaultConfigurationName = Release;
		};
		01CCDB39274F3BF6008337BB /* Build configuration list for PBXNativeTarget "Faves with FriendsTests" */ = {
			isa = XCConfigurationList;
			buildConfigurations = (
				01CCDB3A274F3BF6008337BB /* Debug */,
				01CCDB3B274F3BF6008337BB /* Release */,
			);
			defaultConfigurationIsVisible = 0;
			defaultConfigurationName = Release;
		};
		01CCDB3C274F3BF6008337BB /* Build configuration list for PBXNativeTarget "Faves with FriendsUITests" */ = {
			isa = XCConfigurationList;
			buildConfigurations = (
				01CCDB3D274F3BF6008337BB /* Debug */,
				01CCDB3E274F3BF6008337BB /* Release */,
			);
			defaultConfigurationIsVisible = 0;
			defaultConfigurationName = Release;
		};
/* End XCConfigurationList section */

/* Begin XCRemoteSwiftPackageReference section */
		01CCDB3F274F3CF8008337BB /* XCRemoteSwiftPackageReference "HTTPService" */ = {
			isa = XCRemoteSwiftPackageReference;
			repositoryURL = "https://github.com/fcobia/HTTPService";
			requirement = {
				branch = feature/NIO;
				kind = branch;
			};
		};
/* End XCRemoteSwiftPackageReference section */

/* Begin XCSwiftPackageProductDependency section */
		01CCDB40274F3CF8008337BB /* HTTPServiceFoundation */ = {
			isa = XCSwiftPackageProductDependency;
			package = 01CCDB3F274F3CF8008337BB /* XCRemoteSwiftPackageReference "HTTPService" */;
			productName = HTTPServiceFoundation;
		};
/* End XCSwiftPackageProductDependency section */
	};
	rootObject = 01CCDB0A274F3BF4008337BB /* Project object */;
}
